// !$*UTF8*$!
{
	archiveVersion = 1;
	classes = {
	};
	objectVersion = 56;
	objects = {

/* Begin PBXBuildFile section */
		1617615C2B8ED95400E39676 /* GameBacksound.mp3 in Resources */ = {isa = PBXBuildFile; fileRef = 1617615B2B8ED95400E39676 /* GameBacksound.mp3 */; };
		165ED8C92A2044DC00CE0B53 /* AppDelegate.swift in Sources */ = {isa = PBXBuildFile; fileRef = 165ED8C82A2044DC00CE0B53 /* AppDelegate.swift */; };
		165ED8CB2A2044DC00CE0B53 /* CameraView.swift in Sources */ = {isa = PBXBuildFile; fileRef = 165ED8CA2A2044DC00CE0B53 /* CameraView.swift */; };
		165ED8CD2A2044DC00CE0B53 /* Experience.rcproject in Sources */ = {isa = PBXBuildFile; fileRef = 165ED8CC2A2044DC00CE0B53 /* Experience.rcproject */; };
		165ED8CF2A2044DC00CE0B53 /* Assets.xcassets in Resources */ = {isa = PBXBuildFile; fileRef = 165ED8CE2A2044DC00CE0B53 /* Assets.xcassets */; };
		165ED8D22A2044DC00CE0B53 /* Preview Assets.xcassets in Resources */ = {isa = PBXBuildFile; fileRef = 165ED8D12A2044DC00CE0B53 /* Preview Assets.xcassets */; };
		165ED8D92A20479800CE0B53 /* HomePageView.swift in Sources */ = {isa = PBXBuildFile; fileRef = 165ED8D82A20479800CE0B53 /* HomePageView.swift */; };
		165ED8DB2A2047B700CE0B53 /* HowToPlayView.swift in Sources */ = {isa = PBXBuildFile; fileRef = 165ED8DA2A2047B700CE0B53 /* HowToPlayView.swift */; };
		165ED8DD2A2047D900CE0B53 /* HowToPlayViewModel.swift in Sources */ = {isa = PBXBuildFile; fileRef = 165ED8DC2A2047D900CE0B53 /* HowToPlayViewModel.swift */; };
		16780CD72A20E4E10003232F /* Instruction.swift in Sources */ = {isa = PBXBuildFile; fileRef = 16780CD62A20E4E10003232F /* Instruction.swift */; };
		16780CD92A20E53A0003232F /* GameOverView.swift in Sources */ = {isa = PBXBuildFile; fileRef = 16780CD82A20E53A0003232F /* GameOverView.swift */; };
		16780CDB2A20E5680003232F /* PrimaryButton.swift in Sources */ = {isa = PBXBuildFile; fileRef = 16780CDA2A20E5680003232F /* PrimaryButton.swift */; };
		16780CDD2A20E58F0003232F /* SecondaryButton.swift in Sources */ = {isa = PBXBuildFile; fileRef = 16780CDC2A20E58F0003232F /* SecondaryButton.swift */; };
		16780CDF2A20E5C70003232F /* ProgressBar.swift in Sources */ = {isa = PBXBuildFile; fileRef = 16780CDE2A20E5C70003232F /* ProgressBar.swift */; };
		16780CE12A20E5F80003232F /* CountdownObject.swift in Sources */ = {isa = PBXBuildFile; fileRef = 16780CE02A20E5F80003232F /* CountdownObject.swift */; };
		16780CE32A20E62E0003232F /* AudioPlayer.swift in Sources */ = {isa = PBXBuildFile; fileRef = 16780CE22A20E62E0003232F /* AudioPlayer.swift */; };
		16780CE72A20EC240003232F /* Slenderman.usdz in Resources */ = {isa = PBXBuildFile; fileRef = 16780CE62A20EC240003232F /* Slenderman.usdz */; };
/* End PBXBuildFile section */

/* Begin PBXFileReference section */
		1617615B2B8ED95400E39676 /* GameBacksound.mp3 */ = {isa = PBXFileReference; lastKnownFileType = audio.mp3; path = GameBacksound.mp3; sourceTree = "<group>"; };
		165ED8C52A2044DC00CE0B53 /* OutOfReach.app */ = {isa = PBXFileReference; explicitFileType = wrapper.application; includeInIndex = 0; path = OutOfReach.app; sourceTree = BUILT_PRODUCTS_DIR; };
		165ED8C82A2044DC00CE0B53 /* AppDelegate.swift */ = {isa = PBXFileReference; lastKnownFileType = sourcecode.swift; path = AppDelegate.swift; sourceTree = "<group>"; };
		165ED8CA2A2044DC00CE0B53 /* CameraView.swift */ = {isa = PBXFileReference; lastKnownFileType = sourcecode.swift; path = CameraView.swift; sourceTree = "<group>"; };
		165ED8CC2A2044DC00CE0B53 /* Experience.rcproject */ = {isa = PBXFileReference; lastKnownFileType = file.rcproject; path = Experience.rcproject; sourceTree = "<group>"; };
		165ED8CE2A2044DC00CE0B53 /* Assets.xcassets */ = {isa = PBXFileReference; lastKnownFileType = folder.assetcatalog; path = Assets.xcassets; sourceTree = "<group>"; };
		165ED8D12A2044DC00CE0B53 /* Preview Assets.xcassets */ = {isa = PBXFileReference; lastKnownFileType = folder.assetcatalog; path = "Preview Assets.xcassets"; sourceTree = "<group>"; };
		165ED8D82A20479800CE0B53 /* HomePageView.swift */ = {isa = PBXFileReference; lastKnownFileType = sourcecode.swift; path = HomePageView.swift; sourceTree = "<group>"; };
		165ED8DA2A2047B700CE0B53 /* HowToPlayView.swift */ = {isa = PBXFileReference; lastKnownFileType = sourcecode.swift; path = HowToPlayView.swift; sourceTree = "<group>"; };
		165ED8DC2A2047D900CE0B53 /* HowToPlayViewModel.swift */ = {isa = PBXFileReference; lastKnownFileType = sourcecode.swift; path = HowToPlayViewModel.swift; sourceTree = "<group>"; };
		16780CD62A20E4E10003232F /* Instruction.swift */ = {isa = PBXFileReference; lastKnownFileType = sourcecode.swift; path = Instruction.swift; sourceTree = "<group>"; };
		16780CD82A20E53A0003232F /* GameOverView.swift */ = {isa = PBXFileReference; lastKnownFileType = sourcecode.swift; path = GameOverView.swift; sourceTree = "<group>"; };
		16780CDA2A20E5680003232F /* PrimaryButton.swift */ = {isa = PBXFileReference; lastKnownFileType = sourcecode.swift; path = PrimaryButton.swift; sourceTree = "<group>"; };
		16780CDC2A20E58F0003232F /* SecondaryButton.swift */ = {isa = PBXFileReference; lastKnownFileType = sourcecode.swift; path = SecondaryButton.swift; sourceTree = "<group>"; };
		16780CDE2A20E5C70003232F /* ProgressBar.swift */ = {isa = PBXFileReference; lastKnownFileType = sourcecode.swift; path = ProgressBar.swift; sourceTree = "<group>"; };
		16780CE02A20E5F80003232F /* CountdownObject.swift */ = {isa = PBXFileReference; lastKnownFileType = sourcecode.swift; path = CountdownObject.swift; sourceTree = "<group>"; };
		16780CE22A20E62E0003232F /* AudioPlayer.swift */ = {isa = PBXFileReference; lastKnownFileType = sourcecode.swift; path = AudioPlayer.swift; sourceTree = "<group>"; };
		16780CE62A20EC240003232F /* Slenderman.usdz */ = {isa = PBXFileReference; lastKnownFileType = file.usdz; path = Slenderman.usdz; sourceTree = "<group>"; };
/* End PBXFileReference section */

/* Begin PBXFrameworksBuildPhase section */
		165ED8C22A2044DC00CE0B53 /* Frameworks */ = {
			isa = PBXFrameworksBuildPhase;
			buildActionMask = 2147483647;
			files = (
			);
			runOnlyForDeploymentPostprocessing = 0;
		};
/* End PBXFrameworksBuildPhase section */

/* Begin PBXGroup section */
		165ED8BC2A2044DC00CE0B53 = {
			isa = PBXGroup;
			children = (
				165ED8C72A2044DC00CE0B53 /* OutOfReach */,
				165ED8C62A2044DC00CE0B53 /* Products */,
			);
			sourceTree = "<group>";
		};
		165ED8C62A2044DC00CE0B53 /* Products */ = {
			isa = PBXGroup;
			children = (
				165ED8C52A2044DC00CE0B53 /* OutOfReach.app */,
			);
			name = Products;
			sourceTree = "<group>";
		};
		165ED8C72A2044DC00CE0B53 /* OutOfReach */ = {
			isa = PBXGroup;
			children = (
				165ED8C82A2044DC00CE0B53 /* AppDelegate.swift */,
				165ED8DC2A2047D900CE0B53 /* HowToPlayViewModel.swift */,
				165ED8CA2A2044DC00CE0B53 /* CameraView.swift */,
				165ED8DA2A2047B700CE0B53 /* HowToPlayView.swift */,
				165ED8D82A20479800CE0B53 /* HomePageView.swift */,
				16780CD62A20E4E10003232F /* Instruction.swift */,
				16780CD82A20E53A0003232F /* GameOverView.swift */,
				16780CDA2A20E5680003232F /* PrimaryButton.swift */,
				16780CDC2A20E58F0003232F /* SecondaryButton.swift */,
				16780CDE2A20E5C70003232F /* ProgressBar.swift */,
				16780CE02A20E5F80003232F /* CountdownObject.swift */,
				16780CE22A20E62E0003232F /* AudioPlayer.swift */,
				16780CE62A20EC240003232F /* Slenderman.usdz */,
				165ED8CC2A2044DC00CE0B53 /* Experience.rcproject */,
				165ED8CE2A2044DC00CE0B53 /* Assets.xcassets */,
				165ED8D02A2044DC00CE0B53 /* Preview Content */,
			);
			path = OutOfReach;
			sourceTree = "<group>";
		};
		165ED8D02A2044DC00CE0B53 /* Preview Content */ = {
			isa = PBXGroup;
			children = (
				1617615B2B8ED95400E39676 /* GameBacksound.mp3 */,
				165ED8D12A2044DC00CE0B53 /* Preview Assets.xcassets */,
			);
			path = "Preview Content";
			sourceTree = "<group>";
		};
/* End PBXGroup section */

/* Begin PBXNativeTarget section */
		165ED8C42A2044DC00CE0B53 /* OutOfReach */ = {
			isa = PBXNativeTarget;
			buildConfigurationList = 165ED8D52A2044DC00CE0B53 /* Build configuration list for PBXNativeTarget "OutOfReach" */;
			buildPhases = (
				165ED8C12A2044DC00CE0B53 /* Sources */,
				165ED8C22A2044DC00CE0B53 /* Frameworks */,
				165ED8C32A2044DC00CE0B53 /* Resources */,
			);
			buildRules = (
			);
			dependencies = (
			);
			name = OutOfReach;
			productName = OutOfReach;
			productReference = 165ED8C52A2044DC00CE0B53 /* OutOfReach.app */;
			productType = "com.apple.product-type.application";
		};
/* End PBXNativeTarget section */

/* Begin PBXProject section */
		165ED8BD2A2044DC00CE0B53 /* Project object */ = {
			isa = PBXProject;
			attributes = {
				BuildIndependentTargetsInParallel = 1;
				LastSwiftUpdateCheck = 1430;
				LastUpgradeCheck = 1430;
				TargetAttributes = {
					165ED8C42A2044DC00CE0B53 = {
						CreatedOnToolsVersion = 14.3;
					};
				};
			};
			buildConfigurationList = 165ED8C02A2044DC00CE0B53 /* Build configuration list for PBXProject "Out Of Reach" */;
			compatibilityVersion = "Xcode 14.0";
			developmentRegion = en;
			hasScannedForEncodings = 0;
			knownRegions = (
				en,
				Base,
			);
			mainGroup = 165ED8BC2A2044DC00CE0B53;
			productRefGroup = 165ED8C62A2044DC00CE0B53 /* Products */;
			projectDirPath = "";
			projectRoot = "";
			targets = (
				165ED8C42A2044DC00CE0B53 /* OutOfReach */,
			);
		};
/* End PBXProject section */

/* Begin PBXResourcesBuildPhase section */
		165ED8C32A2044DC00CE0B53 /* Resources */ = {
			isa = PBXResourcesBuildPhase;
			buildActionMask = 2147483647;
			files = (
				165ED8D22A2044DC00CE0B53 /* Preview Assets.xcassets in Resources */,
				165ED8CF2A2044DC00CE0B53 /* Assets.xcassets in Resources */,
				16780CE72A20EC240003232F /* Slenderman.usdz in Resources */,
				1617615C2B8ED95400E39676 /* GameBacksound.mp3 in Resources */,
			);
			runOnlyForDeploymentPostprocessing = 0;
		};
/* End PBXResourcesBuildPhase section */

/* Begin PBXSourcesBuildPhase section */
		165ED8C12A2044DC00CE0B53 /* Sources */ = {
			isa = PBXSourcesBuildPhase;
			buildActionMask = 2147483647;
			files = (
				16780CDD2A20E58F0003232F /* SecondaryButton.swift in Sources */,
				16780CDF2A20E5C70003232F /* ProgressBar.swift in Sources */,
				16780CDB2A20E5680003232F /* PrimaryButton.swift in Sources */,
				165ED8CB2A2044DC00CE0B53 /* CameraView.swift in Sources */,
				16780CE12A20E5F80003232F /* CountdownObject.swift in Sources */,
				165ED8DB2A2047B700CE0B53 /* HowToPlayView.swift in Sources */,
				165ED8DD2A2047D900CE0B53 /* HowToPlayViewModel.swift in Sources */,
				16780CD72A20E4E10003232F /* Instruction.swift in Sources */,
				165ED8C92A2044DC00CE0B53 /* AppDelegate.swift in Sources */,
				165ED8D92A20479800CE0B53 /* HomePageView.swift in Sources */,
				16780CD92A20E53A0003232F /* GameOverView.swift in Sources */,
				16780CE32A20E62E0003232F /* AudioPlayer.swift in Sources */,
				165ED8CD2A2044DC00CE0B53 /* Experience.rcproject in Sources */,
			);
			runOnlyForDeploymentPostprocessing = 0;
		};
/* End PBXSourcesBuildPhase section */

/* Begin XCBuildConfiguration section */
		165ED8D32A2044DC00CE0B53 /* Debug */ = {
			isa = XCBuildConfiguration;
			buildSettings = {
				ALWAYS_SEARCH_USER_PATHS = NO;
				CLANG_ANALYZER_NONNULL = YES;
				CLANG_ANALYZER_NUMBER_OBJECT_CONVERSION = YES_AGGRESSIVE;
				CLANG_CXX_LANGUAGE_STANDARD = "gnu++20";
				CLANG_ENABLE_MODULES = YES;
				CLANG_ENABLE_OBJC_ARC = YES;
				CLANG_ENABLE_OBJC_WEAK = YES;
				CLANG_WARN_BLOCK_CAPTURE_AUTORELEASING = YES;
				CLANG_WARN_BOOL_CONVERSION = YES;
				CLANG_WARN_COMMA = YES;
				CLANG_WARN_CONSTANT_CONVERSION = YES;
				CLANG_WARN_DEPRECATED_OBJC_IMPLEMENTATIONS = YES;
				CLANG_WARN_DIRECT_OBJC_ISA_USAGE = YES_ERROR;
				CLANG_WARN_DOCUMENTATION_COMMENTS = YES;
				CLANG_WARN_EMPTY_BODY = YES;
				CLANG_WARN_ENUM_CONVERSION = YES;
				CLANG_WARN_INFINITE_RECURSION = YES;
				CLANG_WARN_INT_CONVERSION = YES;
				CLANG_WARN_NON_LITERAL_NULL_CONVERSION = YES;
				CLANG_WARN_OBJC_IMPLICIT_RETAIN_SELF = YES;
				CLANG_WARN_OBJC_LITERAL_CONVERSION = YES;
				CLANG_WARN_OBJC_ROOT_CLASS = YES_ERROR;
				CLANG_WARN_QUOTED_INCLUDE_IN_FRAMEWORK_HEADER = YES;
				CLANG_WARN_RANGE_LOOP_ANALYSIS = YES;
				CLANG_WARN_STRICT_PROTOTYPES = YES;
				CLANG_WARN_SUSPICIOUS_MOVE = YES;
				CLANG_WARN_UNGUARDED_AVAILABILITY = YES_AGGRESSIVE;
				CLANG_WARN_UNREACHABLE_CODE = YES;
				CLANG_WARN__DUPLICATE_METHOD_MATCH = YES;
				COPY_PHASE_STRIP = NO;
				DEBUG_INFORMATION_FORMAT = dwarf;
				ENABLE_STRICT_OBJC_MSGSEND = YES;
				ENABLE_TESTABILITY = YES;
				GCC_C_LANGUAGE_STANDARD = gnu11;
				GCC_DYNAMIC_NO_PIC = NO;
				GCC_NO_COMMON_BLOCKS = YES;
				GCC_OPTIMIZATION_LEVEL = 0;
				GCC_PREPROCESSOR_DEFINITIONS = (
					"DEBUG=1",
					"$(inherited)",
				);
				GCC_WARN_64_TO_32_BIT_CONVERSION = YES;
				GCC_WARN_ABOUT_RETURN_TYPE = YES_ERROR;
				GCC_WARN_UNDECLARED_SELECTOR = YES;
				GCC_WARN_UNINITIALIZED_AUTOS = YES_AGGRESSIVE;
				GCC_WARN_UNUSED_FUNCTION = YES;
				GCC_WARN_UNUSED_VARIABLE = YES;
				IPHONEOS_DEPLOYMENT_TARGET = 16.4;
				MTL_ENABLE_DEBUG_INFO = INCLUDE_SOURCE;
				MTL_FAST_MATH = YES;
				ONLY_ACTIVE_ARCH = YES;
				SDKROOT = iphoneos;
				SWIFT_ACTIVE_COMPILATION_CONDITIONS = DEBUG;
				SWIFT_OPTIMIZATION_LEVEL = "-Onone";
			};
			name = Debug;
		};
		165ED8D42A2044DC00CE0B53 /* Release */ = {
			isa = XCBuildConfiguration;
			buildSettings = {
				ALWAYS_SEARCH_USER_PATHS = NO;
				CLANG_ANALYZER_NONNULL = YES;
				CLANG_ANALYZER_NUMBER_OBJECT_CONVERSION = YES_AGGRESSIVE;
				CLANG_CXX_LANGUAGE_STANDARD = "gnu++20";
				CLANG_ENABLE_MODULES = YES;
				CLANG_ENABLE_OBJC_ARC = YES;
				CLANG_ENABLE_OBJC_WEAK = YES;
				CLANG_WARN_BLOCK_CAPTURE_AUTORELEASING = YES;
				CLANG_WARN_BOOL_CONVERSION = YES;
				CLANG_WARN_COMMA = YES;
				CLANG_WARN_CONSTANT_CONVERSION = YES;
				CLANG_WARN_DEPRECATED_OBJC_IMPLEMENTATIONS = YES;
				CLANG_WARN_DIRECT_OBJC_ISA_USAGE = YES_ERROR;
				CLANG_WARN_DOCUMENTATION_COMMENTS = YES;
				CLANG_WARN_EMPTY_BODY = YES;
				CLANG_WARN_ENUM_CONVERSION = YES;
				CLANG_WARN_INFINITE_RECURSION = YES;
				CLANG_WARN_INT_CONVERSION = YES;
				CLANG_WARN_NON_LITERAL_NULL_CONVERSION = YES;
				CLANG_WARN_OBJC_IMPLICIT_RETAIN_SELF = YES;
				CLANG_WARN_OBJC_LITERAL_CONVERSION = YES;
				CLANG_WARN_OBJC_ROOT_CLASS = YES_ERROR;
				CLANG_WARN_QUOTED_INCLUDE_IN_FRAMEWORK_HEADER = YES;
				CLANG_WARN_RANGE_LOOP_ANALYSIS = YES;
				CLANG_WARN_STRICT_PROTOTYPES = YES;
				CLANG_WARN_SUSPICIOUS_MOVE = YES;
				CLANG_WARN_UNGUARDED_AVAILABILITY = YES_AGGRESSIVE;
				CLANG_WARN_UNREACHABLE_CODE = YES;
				CLANG_WARN__DUPLICATE_METHOD_MATCH = YES;
				COPY_PHASE_STRIP = NO;
				DEBUG_INFORMATION_FORMAT = "dwarf-with-dsym";
				ENABLE_NS_ASSERTIONS = NO;
				ENABLE_STRICT_OBJC_MSGSEND = YES;
				GCC_C_LANGUAGE_STANDARD = gnu11;
				GCC_NO_COMMON_BLOCKS = YES;
				GCC_WARN_64_TO_32_BIT_CONVERSION = YES;
				GCC_WARN_ABOUT_RETURN_TYPE = YES_ERROR;
				GCC_WARN_UNDECLARED_SELECTOR = YES;
				GCC_WARN_UNINITIALIZED_AUTOS = YES_AGGRESSIVE;
				GCC_WARN_UNUSED_FUNCTION = YES;
				GCC_WARN_UNUSED_VARIABLE = YES;
				IPHONEOS_DEPLOYMENT_TARGET = 16.4;
				MTL_ENABLE_DEBUG_INFO = NO;
				MTL_FAST_MATH = YES;
				SDKROOT = iphoneos;
				SWIFT_COMPILATION_MODE = wholemodule;
				SWIFT_OPTIMIZATION_LEVEL = "-O";
				VALIDATE_PRODUCT = YES;
			};
			name = Release;
		};
		165ED8D62A2044DC00CE0B53 /* Debug */ = {
			isa = XCBuildConfiguration;
			buildSettings = {
				ASSETCATALOG_COMPILER_APPICON_NAME = AppIcon;
				ASSETCATALOG_COMPILER_GLOBAL_ACCENT_COLOR_NAME = AccentColor;
				CODE_SIGN_STYLE = Automatic;
				CURRENT_PROJECT_VERSION = 1;
				DEVELOPMENT_ASSET_PATHS = "\"OutOfReach/Preview Content\"";
				DEVELOPMENT_TEAM = 934K9APAT3;
				ENABLE_PREVIEWS = YES;
				GENERATE_INFOPLIST_FILE = YES;
				INFOPLIST_KEY_CFBundleDisplayName = "Out of Reach";
				INFOPLIST_KEY_LSApplicationCategoryType = "public.app-category.adventure-games";
				INFOPLIST_KEY_NSCameraUsageDescription = "";
				INFOPLIST_KEY_UIApplicationSupportsIndirectInputEvents = YES;
				INFOPLIST_KEY_UILaunchScreen_Generation = YES;
				INFOPLIST_KEY_UIRequiredDeviceCapabilities = arkit;
				INFOPLIST_KEY_UIStatusBarHidden = YES;
				INFOPLIST_KEY_UISupportedInterfaceOrientations = UIInterfaceOrientationPortrait;
				INFOPLIST_KEY_UISupportedInterfaceOrientations_iPad = "UIInterfaceOrientationLandscapeLeft UIInterfaceOrientationLandscapeRight UIInterfaceOrientationPortrait UIInterfaceOrientationPortraitUpsideDown";
				LD_RUNPATH_SEARCH_PATHS = (
					"$(inherited)",
					"@executable_path/Frameworks",
				);
				MARKETING_VERSION = 1.0;
				PRODUCT_BUNDLE_IDENTIFIER = com.intansaliyautomo.OutofReach;
				PRODUCT_NAME = "$(TARGET_NAME)";
				SUPPORTED_PLATFORMS = "iphoneos iphonesimulator";
				SUPPORTS_MACCATALYST = NO;
				SUPPORTS_MAC_DESIGNED_FOR_IPHONE_IPAD = NO;
				SUPPORTS_XR_DESIGNED_FOR_IPHONE_IPAD = NO;
				SWIFT_EMIT_LOC_STRINGS = YES;
				SWIFT_VERSION = 5.0;
				TARGETED_DEVICE_FAMILY = 1;
			};
			name = Debug;
		};
		165ED8D72A2044DC00CE0B53 /* Release */ = {
			isa = XCBuildConfiguration;
			buildSettings = {
				ASSETCATALOG_COMPILER_APPICON_NAME = AppIcon;
				ASSETCATALOG_COMPILER_GLOBAL_ACCENT_COLOR_NAME = AccentColor;
				CODE_SIGN_STYLE = Automatic;
				CURRENT_PROJECT_VERSION = 1;
				DEVELOPMENT_ASSET_PATHS = "\"OutOfReach/Preview Content\"";
				DEVELOPMENT_TEAM = 934K9APAT3;
				ENABLE_PREVIEWS = YES;
				GENERATE_INFOPLIST_FILE = YES;
				INFOPLIST_KEY_CFBundleDisplayName = "Out of Reach";
				INFOPLIST_KEY_LSApplicationCategoryType = "public.app-category.adventure-games";
				INFOPLIST_KEY_NSCameraUsageDescription = "";
				INFOPLIST_KEY_UIApplicationSupportsIndirectInputEvents = YES;
				INFOPLIST_KEY_UILaunchScreen_Generation = YES;
				INFOPLIST_KEY_UIRequiredDeviceCapabilities = arkit;
				INFOPLIST_KEY_UIStatusBarHidden = YES;
				INFOPLIST_KEY_UISupportedInterfaceOrientations = UIInterfaceOrientationPortrait;
				INFOPLIST_KEY_UISupportedInterfaceOrientations_iPad = "UIInterfaceOrientationLandscapeLeft UIInterfaceOrientationLandscapeRight UIInterfaceOrientationPortrait UIInterfaceOrientationPortraitUpsideDown";
				LD_RUNPATH_SEARCH_PATHS = (
					"$(inherited)",
					"@executable_path/Frameworks",
				);
				MARKETING_VERSION = 1.0;
				PRODUCT_BUNDLE_IDENTIFIER = com.intansaliyautomo.OutofReach;
				PRODUCT_NAME = "$(TARGET_NAME)";
				SUPPORTED_PLATFORMS = "iphoneos iphonesimulator";
				SUPPORTS_MACCATALYST = NO;
				SUPPORTS_MAC_DESIGNED_FOR_IPHONE_IPAD = NO;
				SUPPORTS_XR_DESIGNED_FOR_IPHONE_IPAD = NO;
				SWIFT_EMIT_LOC_STRINGS = YES;
				SWIFT_VERSION = 5.0;
				TARGETED_DEVICE_FAMILY = 1;
			};
			name = Release;
		};
/* End XCBuildConfiguration section */

/* Begin XCConfigurationList section */
		165ED8C02A2044DC00CE0B53 /* Build configuration list for PBXProject "Out Of Reach" */ = {
			isa = XCConfigurationList;
			buildConfigurations = (
				165ED8D32A2044DC00CE0B53 /* Debug */,
				165ED8D42A2044DC00CE0B53 /* Release */,
			);
			defaultConfigurationIsVisible = 0;
			defaultConfigurationName = Release;
		};
		165ED8D52A2044DC00CE0B53 /* Build configuration list for PBXNativeTarget "OutOfReach" */ = {
			isa = XCConfigurationList;
			buildConfigurations = (
				165ED8D62A2044DC00CE0B53 /* Debug */,
				165ED8D72A2044DC00CE0B53 /* Release */,
			);
			defaultConfigurationIsVisible = 0;
			defaultConfigurationName = Release;
		};
/* End XCConfigurationList section */
	};
	rootObject = 165ED8BD2A2044DC00CE0B53 /* Project object */;
}
